// !$*UTF8*$!
{
	archiveVersion = 1;
	classes = {
	};
	objectVersion = 46;
	objects = {

/* Begin PBXBuildFile section */
		2857BC161D8BF1B800E22971 /* ReturnArrowSpacerTests.swift in Sources */ = {isa = PBXBuildFile; fileRef = 2857BC151D8BF1B800E22971 /* ReturnArrowSpacerTests.swift */; };
		8507ECF11D8B2631003A7DEA /* AppDelegate.swift in Sources */ = {isa = PBXBuildFile; fileRef = 8507ECF01D8B2631003A7DEA /* AppDelegate.swift */; };
		8507ECF31D8B2631003A7DEA /* ViewController.swift in Sources */ = {isa = PBXBuildFile; fileRef = 8507ECF21D8B2631003A7DEA /* ViewController.swift */; };
		8507ECF51D8B2631003A7DEA /* Assets.xcassets in Resources */ = {isa = PBXBuildFile; fileRef = 8507ECF41D8B2631003A7DEA /* Assets.xcassets */; };
		8507ECF81D8B2631003A7DEA /* Main.storyboard in Resources */ = {isa = PBXBuildFile; fileRef = 8507ECF61D8B2631003A7DEA /* Main.storyboard */; };
		8507ED0E1D8B2695003A7DEA /* LintSpace.swift in Sources */ = {isa = PBXBuildFile; fileRef = 8507ED0D1D8B2695003A7DEA /* LintSpace.swift */; };
		8507ED101D8B26B5003A7DEA /* ColonSpacerTests.swift in Sources */ = {isa = PBXBuildFile; fileRef = 8507ED0F1D8B26B5003A7DEA /* ColonSpacerTests.swift */; };
		8507ED191D8B274C003A7DEA /* Cocoa.framework in Frameworks */ = {isa = PBXBuildFile; fileRef = 8507ED181D8B274C003A7DEA /* Cocoa.framework */; };
		8507ED1E1D8B274C003A7DEA /* SourceEditorExtension.swift in Sources */ = {isa = PBXBuildFile; fileRef = 8507ED1D1D8B274C003A7DEA /* SourceEditorExtension.swift */; };
		8507ED201D8B274C003A7DEA /* SourceEditorCommand.swift in Sources */ = {isa = PBXBuildFile; fileRef = 8507ED1F1D8B274C003A7DEA /* SourceEditorCommand.swift */; };
		8507ED241D8B274C003A7DEA /* SwiftyLinter.appex in Embed App Extensions */ = {isa = PBXBuildFile; fileRef = 8507ED161D8B274C003A7DEA /* SwiftyLinter.appex */; settings = {ATTRIBUTES = (RemoveHeadersOnCopy, ); }; };
		8507ED291D8B27E3003A7DEA /* LintSpace.swift in Sources */ = {isa = PBXBuildFile; fileRef = 8507ED0D1D8B2695003A7DEA /* LintSpace.swift */; };
		8507ED2A1D8B27E8003A7DEA /* LintSpace.swift in Sources */ = {isa = PBXBuildFile; fileRef = 8507ED0D1D8B2695003A7DEA /* LintSpace.swift */; };
		8507ED2F1D8BC153003A7DEA /* CommaSpaceTests.swift in Sources */ = {isa = PBXBuildFile; fileRef = 8507ED2E1D8BC153003A7DEA /* CommaSpaceTests.swift */; };
		8507ED311D8C8198003A7DEA /* TrailingCurlyBracketTests.swift in Sources */ = {isa = PBXBuildFile; fileRef = 8507ED301D8C8198003A7DEA /* TrailingCurlyBracketTests.swift */; };
		8507ED331D8D8906003A7DEA /* Regexp.swift in Sources */ = {isa = PBXBuildFile; fileRef = 8507ED321D8D8906003A7DEA /* Regexp.swift */; };
		8507ED341D8D965B003A7DEA /* Regexp.swift in Sources */ = {isa = PBXBuildFile; fileRef = 8507ED321D8D8906003A7DEA /* Regexp.swift */; };
		8507ED351D8D9663003A7DEA /* Regexp.swift in Sources */ = {isa = PBXBuildFile; fileRef = 8507ED321D8D8906003A7DEA /* Regexp.swift */; };
		8507ED391D8E77AB003A7DEA /* LintFileComment.swift in Sources */ = {isa = PBXBuildFile; fileRef = 8507ED381D8E77AB003A7DEA /* LintFileComment.swift */; };
		8507ED3A1D8E798B003A7DEA /* LintFileComment.swift in Sources */ = {isa = PBXBuildFile; fileRef = 8507ED381D8E77AB003A7DEA /* LintFileComment.swift */; };
		8507ED3B1D8E798B003A7DEA /* LintFileComment.swift in Sources */ = {isa = PBXBuildFile; fileRef = 8507ED381D8E77AB003A7DEA /* LintFileComment.swift */; };
		8507ED3D1D8ED9C3003A7DEA /* CommentLintTests.swift in Sources */ = {isa = PBXBuildFile; fileRef = 8507ED3C1D8ED9C3003A7DEA /* CommentLintTests.swift */; };
		85E19CC51D8EF6EA00F11938 /* CodeBlockAnalyzer.swift in Sources */ = {isa = PBXBuildFile; fileRef = 85E19CC41D8EF6EA00F11938 /* CodeBlockAnalyzer.swift */; };
		85E19CC91D8F024E00F11938 /* LintLine.swift in Sources */ = {isa = PBXBuildFile; fileRef = 85E19CC81D8F024E00F11938 /* LintLine.swift */; };
		85E19CCA1D8F07B700F11938 /* LintLine.swift in Sources */ = {isa = PBXBuildFile; fileRef = 85E19CC81D8F024E00F11938 /* LintLine.swift */; };
		85E19CCB1D8F07B900F11938 /* LintLine.swift in Sources */ = {isa = PBXBuildFile; fileRef = 85E19CC81D8F024E00F11938 /* LintLine.swift */; };
		85E19CCC1D8F07BE00F11938 /* CodeBlockAnalyzer.swift in Sources */ = {isa = PBXBuildFile; fileRef = 85E19CC41D8EF6EA00F11938 /* CodeBlockAnalyzer.swift */; };
		85E19CCD1D8F07BE00F11938 /* CodeBlockAnalyzer.swift in Sources */ = {isa = PBXBuildFile; fileRef = 85E19CC41D8EF6EA00F11938 /* CodeBlockAnalyzer.swift */; };
		85E19CCF1D8F1D3400F11938 /* CodeBlock.swift in Sources */ = {isa = PBXBuildFile; fileRef = 85E19CCE1D8F1D3400F11938 /* CodeBlock.swift */; };
		85E19CD01D8F1D3900F11938 /* CodeBlock.swift in Sources */ = {isa = PBXBuildFile; fileRef = 85E19CCE1D8F1D3400F11938 /* CodeBlock.swift */; };
		85E19CD11D8F1D3A00F11938 /* CodeBlock.swift in Sources */ = {isa = PBXBuildFile; fileRef = 85E19CCE1D8F1D3400F11938 /* CodeBlock.swift */; };
		85E19CD31D8F1D6200F11938 /* CodePosition.swift in Sources */ = {isa = PBXBuildFile; fileRef = 85E19CD21D8F1D6200F11938 /* CodePosition.swift */; };
		85E19CD41D8F1D6B00F11938 /* CodePosition.swift in Sources */ = {isa = PBXBuildFile; fileRef = 85E19CD21D8F1D6200F11938 /* CodePosition.swift */; };
		85E19CD51D8F1D6B00F11938 /* CodePosition.swift in Sources */ = {isa = PBXBuildFile; fileRef = 85E19CD21D8F1D6200F11938 /* CodePosition.swift */; };
/* End PBXBuildFile section */

/* Begin PBXContainerItemProxy section */
		8507ECFF1D8B2631003A7DEA /* PBXContainerItemProxy */ = {
			isa = PBXContainerItemProxy;
			containerPortal = 8507ECE51D8B2631003A7DEA /* Project object */;
			proxyType = 1;
			remoteGlobalIDString = 8507ECEC1D8B2631003A7DEA;
			remoteInfo = Swinter;
		};
		8507ED221D8B274C003A7DEA /* PBXContainerItemProxy */ = {
			isa = PBXContainerItemProxy;
			containerPortal = 8507ECE51D8B2631003A7DEA /* Project object */;
			proxyType = 1;
			remoteGlobalIDString = 8507ED151D8B274C003A7DEA;
			remoteInfo = SwiftyLinter;
		};
/* End PBXContainerItemProxy section */

/* Begin PBXCopyFilesBuildPhase section */
		8507ED281D8B274C003A7DEA /* Embed App Extensions */ = {
			isa = PBXCopyFilesBuildPhase;
			buildActionMask = 2147483647;
			dstPath = "";
			dstSubfolderSpec = 13;
			files = (
				8507ED241D8B274C003A7DEA /* SwiftyLinter.appex in Embed App Extensions */,
			);
			name = "Embed App Extensions";
			runOnlyForDeploymentPostprocessing = 0;
		};
/* End PBXCopyFilesBuildPhase section */

/* Begin PBXFileReference section */
		2857BC151D8BF1B800E22971 /* ReturnArrowSpacerTests.swift */ = {isa = PBXFileReference; fileEncoding = 4; lastKnownFileType = sourcecode.swift; path = ReturnArrowSpacerTests.swift; sourceTree = "<group>"; };
		8507ECED1D8B2631003A7DEA /* Swinter.app */ = {isa = PBXFileReference; explicitFileType = wrapper.application; includeInIndex = 0; path = Swinter.app; sourceTree = BUILT_PRODUCTS_DIR; };
		8507ECF01D8B2631003A7DEA /* AppDelegate.swift */ = {isa = PBXFileReference; lastKnownFileType = sourcecode.swift; path = AppDelegate.swift; sourceTree = "<group>"; };
		8507ECF21D8B2631003A7DEA /* ViewController.swift */ = {isa = PBXFileReference; lastKnownFileType = sourcecode.swift; path = ViewController.swift; sourceTree = "<group>"; };
		8507ECF41D8B2631003A7DEA /* Assets.xcassets */ = {isa = PBXFileReference; lastKnownFileType = folder.assetcatalog; path = Assets.xcassets; sourceTree = "<group>"; };
		8507ECF71D8B2631003A7DEA /* Base */ = {isa = PBXFileReference; lastKnownFileType = file.storyboard; name = Base; path = Base.lproj/Main.storyboard; sourceTree = "<group>"; };
		8507ECF91D8B2631003A7DEA /* Info.plist */ = {isa = PBXFileReference; lastKnownFileType = text.plist.xml; path = Info.plist; sourceTree = "<group>"; };
		8507ECFE1D8B2631003A7DEA /* SwinterTests.xctest */ = {isa = PBXFileReference; explicitFileType = wrapper.cfbundle; includeInIndex = 0; path = SwinterTests.xctest; sourceTree = BUILT_PRODUCTS_DIR; };
		8507ED041D8B2631003A7DEA /* Info.plist */ = {isa = PBXFileReference; lastKnownFileType = text.plist.xml; path = Info.plist; sourceTree = "<group>"; };
		8507ED0D1D8B2695003A7DEA /* LintSpace.swift */ = {isa = PBXFileReference; fileEncoding = 4; lastKnownFileType = sourcecode.swift; path = LintSpace.swift; sourceTree = "<group>"; };
		8507ED0F1D8B26B5003A7DEA /* ColonSpacerTests.swift */ = {isa = PBXFileReference; fileEncoding = 4; lastKnownFileType = sourcecode.swift; path = ColonSpacerTests.swift; sourceTree = "<group>"; };
		8507ED161D8B274C003A7DEA /* SwiftyLinter.appex */ = {isa = PBXFileReference; explicitFileType = "wrapper.app-extension"; includeInIndex = 0; path = SwiftyLinter.appex; sourceTree = BUILT_PRODUCTS_DIR; };
		8507ED181D8B274C003A7DEA /* Cocoa.framework */ = {isa = PBXFileReference; lastKnownFileType = wrapper.framework; name = Cocoa.framework; path = System/Library/Frameworks/Cocoa.framework; sourceTree = SDKROOT; };
		8507ED1C1D8B274C003A7DEA /* SwiftyLinter.entitlements */ = {isa = PBXFileReference; lastKnownFileType = text.plist.entitlements; path = SwiftyLinter.entitlements; sourceTree = "<group>"; };
		8507ED1D1D8B274C003A7DEA /* SourceEditorExtension.swift */ = {isa = PBXFileReference; lastKnownFileType = sourcecode.swift; path = SourceEditorExtension.swift; sourceTree = "<group>"; };
		8507ED1F1D8B274C003A7DEA /* SourceEditorCommand.swift */ = {isa = PBXFileReference; lastKnownFileType = sourcecode.swift; path = SourceEditorCommand.swift; sourceTree = "<group>"; };
		8507ED211D8B274C003A7DEA /* Info.plist */ = {isa = PBXFileReference; lastKnownFileType = text.plist.xml; path = Info.plist; sourceTree = "<group>"; };
		8507ED2E1D8BC153003A7DEA /* CommaSpaceTests.swift */ = {isa = PBXFileReference; fileEncoding = 4; lastKnownFileType = sourcecode.swift; path = CommaSpaceTests.swift; sourceTree = "<group>"; };
		8507ED301D8C8198003A7DEA /* TrailingCurlyBracketTests.swift */ = {isa = PBXFileReference; fileEncoding = 4; lastKnownFileType = sourcecode.swift; path = TrailingCurlyBracketTests.swift; sourceTree = "<group>"; };
		8507ED321D8D8906003A7DEA /* Regexp.swift */ = {isa = PBXFileReference; fileEncoding = 4; lastKnownFileType = sourcecode.swift; path = Regexp.swift; sourceTree = "<group>"; };
		8507ED381D8E77AB003A7DEA /* LintFileComment.swift */ = {isa = PBXFileReference; fileEncoding = 4; lastKnownFileType = sourcecode.swift; path = LintFileComment.swift; sourceTree = "<group>"; };
		8507ED3C1D8ED9C3003A7DEA /* CommentLintTests.swift */ = {isa = PBXFileReference; fileEncoding = 4; lastKnownFileType = sourcecode.swift; path = CommentLintTests.swift; sourceTree = "<group>"; };
		85E19CC41D8EF6EA00F11938 /* CodeBlockAnalyzer.swift */ = {isa = PBXFileReference; fileEncoding = 4; lastKnownFileType = sourcecode.swift; path = CodeBlockAnalyzer.swift; sourceTree = "<group>"; };
		85E19CC81D8F024E00F11938 /* LintLine.swift */ = {isa = PBXFileReference; fileEncoding = 4; lastKnownFileType = sourcecode.swift; path = LintLine.swift; sourceTree = "<group>"; };
		85E19CCE1D8F1D3400F11938 /* CodeBlock.swift */ = {isa = PBXFileReference; fileEncoding = 4; lastKnownFileType = sourcecode.swift; path = CodeBlock.swift; sourceTree = "<group>"; };
		85E19CD21D8F1D6200F11938 /* CodePosition.swift */ = {isa = PBXFileReference; fileEncoding = 4; lastKnownFileType = sourcecode.swift; path = CodePosition.swift; sourceTree = "<group>"; };
/* End PBXFileReference section */

/* Begin PBXFrameworksBuildPhase section */
		8507ECEA1D8B2631003A7DEA /* Frameworks */ = {
			isa = PBXFrameworksBuildPhase;
			buildActionMask = 2147483647;
			files = (
			);
			runOnlyForDeploymentPostprocessing = 0;
		};
		8507ECFB1D8B2631003A7DEA /* Frameworks */ = {
			isa = PBXFrameworksBuildPhase;
			buildActionMask = 2147483647;
			files = (
			);
			runOnlyForDeploymentPostprocessing = 0;
		};
		8507ED131D8B274C003A7DEA /* Frameworks */ = {
			isa = PBXFrameworksBuildPhase;
			buildActionMask = 2147483647;
			files = (
				8507ED191D8B274C003A7DEA /* Cocoa.framework in Frameworks */,
			);
			runOnlyForDeploymentPostprocessing = 0;
		};
/* End PBXFrameworksBuildPhase section */

/* Begin PBXGroup section */
		8507ECE41D8B2631003A7DEA = {
			isa = PBXGroup;
			children = (
				8507ECEF1D8B2631003A7DEA /* Swinter */,
				8507ED011D8B2631003A7DEA /* SwinterTests */,
				8507ED1A1D8B274C003A7DEA /* SwiftyLinter */,
				8507ED171D8B274C003A7DEA /* Frameworks */,
				8507ECEE1D8B2631003A7DEA /* Products */,
			);
			sourceTree = "<group>";
		};
		8507ECEE1D8B2631003A7DEA /* Products */ = {
			isa = PBXGroup;
			children = (
				8507ECED1D8B2631003A7DEA /* Swinter.app */,
				8507ECFE1D8B2631003A7DEA /* SwinterTests.xctest */,
				8507ED161D8B274C003A7DEA /* SwiftyLinter.appex */,
			);
			name = Products;
			sourceTree = "<group>";
		};
		8507ECEF1D8B2631003A7DEA /* Swinter */ = {
			isa = PBXGroup;
			children = (
				8507ED111D8B26EB003A7DEA /* Core */,
				8507ED2B1D8B3C2D003A7DEA /* Supporting files */,
			);
			path = Swinter;
			sourceTree = "<group>";
		};
		8507ED011D8B2631003A7DEA /* SwinterTests */ = {
			isa = PBXGroup;
			children = (
				8507ED3C1D8ED9C3003A7DEA /* CommentLintTests.swift */,
				8507ED301D8C8198003A7DEA /* TrailingCurlyBracketTests.swift */,
				2857BC151D8BF1B800E22971 /* ReturnArrowSpacerTests.swift */,
				8507ED2E1D8BC153003A7DEA /* CommaSpaceTests.swift */,
				8507ED0F1D8B26B5003A7DEA /* ColonSpacerTests.swift */,
				8507ED041D8B2631003A7DEA /* Info.plist */,
			);
			path = SwinterTests;
			sourceTree = "<group>";
		};
		8507ED111D8B26EB003A7DEA /* Core */ = {
			isa = PBXGroup;
			children = (
				85E19CC81D8F024E00F11938 /* LintLine.swift */,
				8507ED0D1D8B2695003A7DEA /* LintSpace.swift */,
				8507ED381D8E77AB003A7DEA /* LintFileComment.swift */,
				85E19CC71D8F016500F11938 /* Regex */,
				85E19CC61D8F015300F11938 /* CodeAnalyzer */,
			);
			name = Core;
			sourceTree = "<group>";
		};
		8507ED171D8B274C003A7DEA /* Frameworks */ = {
			isa = PBXGroup;
			children = (
				8507ED181D8B274C003A7DEA /* Cocoa.framework */,
			);
			name = Frameworks;
			sourceTree = "<group>";
		};
		8507ED1A1D8B274C003A7DEA /* SwiftyLinter */ = {
			isa = PBXGroup;
			children = (
				8507ED1D1D8B274C003A7DEA /* SourceEditorExtension.swift */,
				8507ED1F1D8B274C003A7DEA /* SourceEditorCommand.swift */,
				8507ED211D8B274C003A7DEA /* Info.plist */,
				8507ED1B1D8B274C003A7DEA /* Supporting Files */,
			);
			path = SwiftyLinter;
			sourceTree = "<group>";
		};
		8507ED1B1D8B274C003A7DEA /* Supporting Files */ = {
			isa = PBXGroup;
			children = (
				8507ED1C1D8B274C003A7DEA /* SwiftyLinter.entitlements */,
			);
			name = "Supporting Files";
			sourceTree = "<group>";
		};
		8507ED2B1D8B3C2D003A7DEA /* Supporting files */ = {
			isa = PBXGroup;
			children = (
				8507ECF01D8B2631003A7DEA /* AppDelegate.swift */,
				8507ECF21D8B2631003A7DEA /* ViewController.swift */,
				8507ECF41D8B2631003A7DEA /* Assets.xcassets */,
				8507ECF61D8B2631003A7DEA /* Main.storyboard */,
				8507ECF91D8B2631003A7DEA /* Info.plist */,
			);
			name = "Supporting files";
			sourceTree = "<group>";
		};
		85E19CC61D8F015300F11938 /* CodeAnalyzer */ = {
			isa = PBXGroup;
			children = (
				85E19CC41D8EF6EA00F11938 /* CodeBlockAnalyzer.swift */,
				85E19CCE1D8F1D3400F11938 /* CodeBlock.swift */,
				85E19CD21D8F1D6200F11938 /* CodePosition.swift */,
			);
			name = CodeAnalyzer;
			sourceTree = "<group>";
		};
		85E19CC71D8F016500F11938 /* Regex */ = {
			isa = PBXGroup;
			children = (
				8507ED321D8D8906003A7DEA /* Regexp.swift */,
			);
			name = Regex;
			sourceTree = "<group>";
		};
/* End PBXGroup section */

/* Begin PBXNativeTarget section */
		8507ECEC1D8B2631003A7DEA /* Swinter */ = {
			isa = PBXNativeTarget;
			buildConfigurationList = 8507ED071D8B2631003A7DEA /* Build configuration list for PBXNativeTarget "Swinter" */;
			buildPhases = (
				8507ECE91D8B2631003A7DEA /* Sources */,
				8507ECEA1D8B2631003A7DEA /* Frameworks */,
				8507ECEB1D8B2631003A7DEA /* Resources */,
				8507ED281D8B274C003A7DEA /* Embed App Extensions */,
			);
			buildRules = (
			);
			dependencies = (
				8507ED231D8B274C003A7DEA /* PBXTargetDependency */,
			);
			name = Swinter;
			productName = Swinter;
			productReference = 8507ECED1D8B2631003A7DEA /* Swinter.app */;
			productType = "com.apple.product-type.application";
		};
		8507ECFD1D8B2631003A7DEA /* SwinterTests */ = {
			isa = PBXNativeTarget;
			buildConfigurationList = 8507ED0A1D8B2631003A7DEA /* Build configuration list for PBXNativeTarget "SwinterTests" */;
			buildPhases = (
				8507ECFA1D8B2631003A7DEA /* Sources */,
				8507ECFB1D8B2631003A7DEA /* Frameworks */,
				8507ECFC1D8B2631003A7DEA /* Resources */,
			);
			buildRules = (
			);
			dependencies = (
				8507ED001D8B2631003A7DEA /* PBXTargetDependency */,
			);
			name = SwinterTests;
			productName = SwinterTests;
			productReference = 8507ECFE1D8B2631003A7DEA /* SwinterTests.xctest */;
			productType = "com.apple.product-type.bundle.unit-test";
		};
		8507ED151D8B274C003A7DEA /* SwiftyLinter */ = {
			isa = PBXNativeTarget;
			buildConfigurationList = 8507ED251D8B274C003A7DEA /* Build configuration list for PBXNativeTarget "SwiftyLinter" */;
			buildPhases = (
				8507ED121D8B274C003A7DEA /* Sources */,
				8507ED131D8B274C003A7DEA /* Frameworks */,
				8507ED141D8B274C003A7DEA /* Resources */,
			);
			buildRules = (
			);
			dependencies = (
			);
			name = SwiftyLinter;
			productName = SwiftyLinter;
			productReference = 8507ED161D8B274C003A7DEA /* SwiftyLinter.appex */;
			productType = "com.apple.product-type.xcode-extension";
		};
/* End PBXNativeTarget section */

/* Begin PBXProject section */
		8507ECE51D8B2631003A7DEA /* Project object */ = {
			isa = PBXProject;
			attributes = {
				LastSwiftUpdateCheck = 0800;
				LastUpgradeCheck = 0800;
				ORGANIZATIONNAME = "Vijaya Prakash Kandel";
				TargetAttributes = {
					8507ECEC1D8B2631003A7DEA = {
						CreatedOnToolsVersion = 8.0;
						DevelopmentTeam = 46ETJSLJJM;
						ProvisioningStyle = Automatic;
					};
					8507ECFD1D8B2631003A7DEA = {
						CreatedOnToolsVersion = 8.0;
						DevelopmentTeam = 46ETJSLJJM;
						ProvisioningStyle = Automatic;
						TestTargetID = 8507ECEC1D8B2631003A7DEA;
					};
					8507ED151D8B274C003A7DEA = {
						CreatedOnToolsVersion = 8.0;
						DevelopmentTeam = 46ETJSLJJM;
						ProvisioningStyle = Automatic;
					};
				};
			};
			buildConfigurationList = 8507ECE81D8B2631003A7DEA /* Build configuration list for PBXProject "Swinter" */;
			compatibilityVersion = "Xcode 3.2";
			developmentRegion = English;
			hasScannedForEncodings = 0;
			knownRegions = (
				en,
				Base,
			);
			mainGroup = 8507ECE41D8B2631003A7DEA;
			productRefGroup = 8507ECEE1D8B2631003A7DEA /* Products */;
			projectDirPath = "";
			projectRoot = "";
			targets = (
				8507ECEC1D8B2631003A7DEA /* Swinter */,
				8507ECFD1D8B2631003A7DEA /* SwinterTests */,
				8507ED151D8B274C003A7DEA /* SwiftyLinter */,
			);
		};
/* End PBXProject section */

/* Begin PBXResourcesBuildPhase section */
		8507ECEB1D8B2631003A7DEA /* Resources */ = {
			isa = PBXResourcesBuildPhase;
			buildActionMask = 2147483647;
			files = (
				8507ECF51D8B2631003A7DEA /* Assets.xcassets in Resources */,
				8507ECF81D8B2631003A7DEA /* Main.storyboard in Resources */,
			);
			runOnlyForDeploymentPostprocessing = 0;
		};
		8507ECFC1D8B2631003A7DEA /* Resources */ = {
			isa = PBXResourcesBuildPhase;
			buildActionMask = 2147483647;
			files = (
			);
			runOnlyForDeploymentPostprocessing = 0;
		};
		8507ED141D8B274C003A7DEA /* Resources */ = {
			isa = PBXResourcesBuildPhase;
			buildActionMask = 2147483647;
			files = (
			);
			runOnlyForDeploymentPostprocessing = 0;
		};
/* End PBXResourcesBuildPhase section */

/* Begin PBXSourcesBuildPhase section */
		8507ECE91D8B2631003A7DEA /* Sources */ = {
			isa = PBXSourcesBuildPhase;
			buildActionMask = 2147483647;
			files = (
				85E19CCF1D8F1D3400F11938 /* CodeBlock.swift in Sources */,
				8507ED331D8D8906003A7DEA /* Regexp.swift in Sources */,
				85E19CC91D8F024E00F11938 /* LintLine.swift in Sources */,
				8507ECF31D8B2631003A7DEA /* ViewController.swift in Sources */,
				85E19CC51D8EF6EA00F11938 /* CodeBlockAnalyzer.swift in Sources */,
				85E19CD31D8F1D6200F11938 /* CodePosition.swift in Sources */,
				8507ED391D8E77AB003A7DEA /* LintFileComment.swift in Sources */,
				8507ED0E1D8B2695003A7DEA /* LintSpace.swift in Sources */,
				8507ECF11D8B2631003A7DEA /* AppDelegate.swift in Sources */,
			);
			runOnlyForDeploymentPostprocessing = 0;
		};
		8507ECFA1D8B2631003A7DEA /* Sources */ = {
			isa = PBXSourcesBuildPhase;
			buildActionMask = 2147483647;
			files = (
				8507ED2A1D8B27E8003A7DEA /* LintSpace.swift in Sources */,
				8507ED3B1D8E798B003A7DEA /* LintFileComment.swift in Sources */,
				8507ED2F1D8BC153003A7DEA /* CommaSpaceTests.swift in Sources */,
				8507ED341D8D965B003A7DEA /* Regexp.swift in Sources */,
				8507ED311D8C8198003A7DEA /* TrailingCurlyBracketTests.swift in Sources */,
				85E19CD41D8F1D6B00F11938 /* CodePosition.swift in Sources */,
				85E19CD01D8F1D3900F11938 /* CodeBlock.swift in Sources */,
				8507ED101D8B26B5003A7DEA /* ColonSpacerTests.swift in Sources */,
				85E19CCD1D8F07BE00F11938 /* CodeBlockAnalyzer.swift in Sources */,
				8507ED3D1D8ED9C3003A7DEA /* CommentLintTests.swift in Sources */,
				2857BC161D8BF1B800E22971 /* ReturnArrowSpacerTests.swift in Sources */,
				85E19CCB1D8F07B900F11938 /* LintLine.swift in Sources */,
			);
			runOnlyForDeploymentPostprocessing = 0;
		};
		8507ED121D8B274C003A7DEA /* Sources */ = {
			isa = PBXSourcesBuildPhase;
			buildActionMask = 2147483647;
			files = (
				85E19CD11D8F1D3A00F11938 /* CodeBlock.swift in Sources */,
				85E19CCC1D8F07BE00F11938 /* CodeBlockAnalyzer.swift in Sources */,
				8507ED1E1D8B274C003A7DEA /* SourceEditorExtension.swift in Sources */,
				8507ED291D8B27E3003A7DEA /* LintSpace.swift in Sources */,
				85E19CCA1D8F07B700F11938 /* LintLine.swift in Sources */,
				85E19CD51D8F1D6B00F11938 /* CodePosition.swift in Sources */,
				8507ED3A1D8E798B003A7DEA /* LintFileComment.swift in Sources */,
				8507ED351D8D9663003A7DEA /* Regexp.swift in Sources */,
				8507ED201D8B274C003A7DEA /* SourceEditorCommand.swift in Sources */,
			);
			runOnlyForDeploymentPostprocessing = 0;
		};
/* End PBXSourcesBuildPhase section */

/* Begin PBXTargetDependency section */
		8507ED001D8B2631003A7DEA /* PBXTargetDependency */ = {
			isa = PBXTargetDependency;
			target = 8507ECEC1D8B2631003A7DEA /* Swinter */;
			targetProxy = 8507ECFF1D8B2631003A7DEA /* PBXContainerItemProxy */;
		};
		8507ED231D8B274C003A7DEA /* PBXTargetDependency */ = {
			isa = PBXTargetDependency;
			target = 8507ED151D8B274C003A7DEA /* SwiftyLinter */;
			targetProxy = 8507ED221D8B274C003A7DEA /* PBXContainerItemProxy */;
		};
/* End PBXTargetDependency section */

/* Begin PBXVariantGroup section */
		8507ECF61D8B2631003A7DEA /* Main.storyboard */ = {
			isa = PBXVariantGroup;
			children = (
				8507ECF71D8B2631003A7DEA /* Base */,
			);
			name = Main.storyboard;
			sourceTree = "<group>";
		};
/* End PBXVariantGroup section */

/* Begin XCBuildConfiguration section */
		8507ED051D8B2631003A7DEA /* Debug */ = {
			isa = XCBuildConfiguration;
			buildSettings = {
				ALWAYS_SEARCH_USER_PATHS = NO;
				CLANG_ANALYZER_NONNULL = YES;
				CLANG_CXX_LANGUAGE_STANDARD = "gnu++0x";
				CLANG_CXX_LIBRARY = "libc++";
				CLANG_ENABLE_MODULES = YES;
				CLANG_ENABLE_OBJC_ARC = YES;
				CLANG_WARN_BOOL_CONVERSION = YES;
				CLANG_WARN_CONSTANT_CONVERSION = YES;
				CLANG_WARN_DIRECT_OBJC_ISA_USAGE = YES_ERROR;
				CLANG_WARN_DOCUMENTATION_COMMENTS = YES;
				CLANG_WARN_EMPTY_BODY = YES;
				CLANG_WARN_ENUM_CONVERSION = YES;
				CLANG_WARN_INFINITE_RECURSION = YES;
				CLANG_WARN_INT_CONVERSION = YES;
				CLANG_WARN_OBJC_ROOT_CLASS = YES_ERROR;
				CLANG_WARN_SUSPICIOUS_MOVES = YES;
				CLANG_WARN_UNREACHABLE_CODE = YES;
				CLANG_WARN__DUPLICATE_METHOD_MATCH = YES;
				CODE_SIGN_IDENTITY = "-";
				COPY_PHASE_STRIP = NO;
				DEBUG_INFORMATION_FORMAT = dwarf;
				ENABLE_STRICT_OBJC_MSGSEND = YES;
				ENABLE_TESTABILITY = YES;
				GCC_C_LANGUAGE_STANDARD = gnu99;
				GCC_DYNAMIC_NO_PIC = NO;
				GCC_NO_COMMON_BLOCKS = YES;
				GCC_OPTIMIZATION_LEVEL = 0;
				GCC_PREPROCESSOR_DEFINITIONS = (
					"DEBUG=1",
					"$(inherited)",
				);
				GCC_WARN_64_TO_32_BIT_CONVERSION = YES;
				GCC_WARN_ABOUT_RETURN_TYPE = YES_ERROR;
				GCC_WARN_UNDECLARED_SELECTOR = YES;
				GCC_WARN_UNINITIALIZED_AUTOS = YES_AGGRESSIVE;
				GCC_WARN_UNUSED_FUNCTION = YES;
				GCC_WARN_UNUSED_VARIABLE = YES;
				MACOSX_DEPLOYMENT_TARGET = 10.12;
				MTL_ENABLE_DEBUG_INFO = YES;
				ONLY_ACTIVE_ARCH = YES;
				SDKROOT = macosx;
				SWIFT_ACTIVE_COMPILATION_CONDITIONS = DEBUG;
				SWIFT_OPTIMIZATION_LEVEL = "-Onone";
			};
			name = Debug;
		};
		8507ED061D8B2631003A7DEA /* Release */ = {
			isa = XCBuildConfiguration;
			buildSettings = {
				ALWAYS_SEARCH_USER_PATHS = NO;
				CLANG_ANALYZER_NONNULL = YES;
				CLANG_CXX_LANGUAGE_STANDARD = "gnu++0x";
				CLANG_CXX_LIBRARY = "libc++";
				CLANG_ENABLE_MODULES = YES;
				CLANG_ENABLE_OBJC_ARC = YES;
				CLANG_WARN_BOOL_CONVERSION = YES;
				CLANG_WARN_CONSTANT_CONVERSION = YES;
				CLANG_WARN_DIRECT_OBJC_ISA_USAGE = YES_ERROR;
				CLANG_WARN_DOCUMENTATION_COMMENTS = YES;
				CLANG_WARN_EMPTY_BODY = YES;
				CLANG_WARN_ENUM_CONVERSION = YES;
				CLANG_WARN_INFINITE_RECURSION = YES;
				CLANG_WARN_INT_CONVERSION = YES;
				CLANG_WARN_OBJC_ROOT_CLASS = YES_ERROR;
				CLANG_WARN_SUSPICIOUS_MOVES = YES;
				CLANG_WARN_UNREACHABLE_CODE = YES;
				CLANG_WARN__DUPLICATE_METHOD_MATCH = YES;
				CODE_SIGN_IDENTITY = "-";
				COPY_PHASE_STRIP = NO;
				DEBUG_INFORMATION_FORMAT = "dwarf-with-dsym";
				ENABLE_NS_ASSERTIONS = NO;
				ENABLE_STRICT_OBJC_MSGSEND = YES;
				GCC_C_LANGUAGE_STANDARD = gnu99;
				GCC_NO_COMMON_BLOCKS = YES;
				GCC_WARN_64_TO_32_BIT_CONVERSION = YES;
				GCC_WARN_ABOUT_RETURN_TYPE = YES_ERROR;
				GCC_WARN_UNDECLARED_SELECTOR = YES;
				GCC_WARN_UNINITIALIZED_AUTOS = YES_AGGRESSIVE;
				GCC_WARN_UNUSED_FUNCTION = YES;
				GCC_WARN_UNUSED_VARIABLE = YES;
				MACOSX_DEPLOYMENT_TARGET = 10.12;
				MTL_ENABLE_DEBUG_INFO = NO;
				SDKROOT = macosx;
				SWIFT_OPTIMIZATION_LEVEL = "-Owholemodule";
			};
			name = Release;
		};
		8507ED081D8B2631003A7DEA /* Debug */ = {
			isa = XCBuildConfiguration;
			buildSettings = {
				ALWAYS_EMBED_SWIFT_STANDARD_LIBRARIES = YES;
				ASSETCATALOG_COMPILER_APPICON_NAME = AppIcon;
				CODE_SIGN_IDENTITY = "Mac Developer";
				COMBINE_HIDPI_IMAGES = YES;
				DEVELOPMENT_TEAM = 46ETJSLJJM;
				INFOPLIST_FILE = Swinter/Info.plist;
				LD_RUNPATH_SEARCH_PATHS = "$(inherited) @executable_path/../Frameworks";
				MACOSX_DEPLOYMENT_TARGET = 10.11;
				PRODUCT_BUNDLE_IDENTIFIER = com.kandelvijaya.Swinter;
				PRODUCT_NAME = "$(TARGET_NAME)";
				SWIFT_VERSION = 3.0;
			};
			name = Debug;
		};
		8507ED091D8B2631003A7DEA /* Release */ = {
			isa = XCBuildConfiguration;
			buildSettings = {
				ALWAYS_EMBED_SWIFT_STANDARD_LIBRARIES = YES;
				ASSETCATALOG_COMPILER_APPICON_NAME = AppIcon;
				CODE_SIGN_IDENTITY = "Mac Developer";
				COMBINE_HIDPI_IMAGES = YES;
				DEVELOPMENT_TEAM = 46ETJSLJJM;
				INFOPLIST_FILE = Swinter/Info.plist;
				LD_RUNPATH_SEARCH_PATHS = "$(inherited) @executable_path/../Frameworks";
				MACOSX_DEPLOYMENT_TARGET = 10.11;
				PRODUCT_BUNDLE_IDENTIFIER = com.kandelvijaya.Swinter;
				PRODUCT_NAME = "$(TARGET_NAME)";
				SWIFT_VERSION = 3.0;
			};
			name = Release;
		};
		8507ED0B1D8B2631003A7DEA /* Debug */ = {
			isa = XCBuildConfiguration;
			buildSettings = {
				ALWAYS_EMBED_SWIFT_STANDARD_LIBRARIES = YES;
				BUNDLE_LOADER = "$(TEST_HOST)";
				COMBINE_HIDPI_IMAGES = YES;
				DEVELOPMENT_TEAM = 46ETJSLJJM;
				INFOPLIST_FILE = SwinterTests/Info.plist;
				LD_RUNPATH_SEARCH_PATHS = "$(inherited) @executable_path/../Frameworks @loader_path/../Frameworks";
				PRODUCT_BUNDLE_IDENTIFIER = com.kandelvijaya.SwinterTests;
				PRODUCT_NAME = "$(TARGET_NAME)";
				SWIFT_VERSION = 3.0;
				TEST_HOST = "$(BUILT_PRODUCTS_DIR)/Swinter.app/Contents/MacOS/Swinter";
			};
			name = Debug;
		};
		8507ED0C1D8B2631003A7DEA /* Release */ = {
			isa = XCBuildConfiguration;
			buildSettings = {
				ALWAYS_EMBED_SWIFT_STANDARD_LIBRARIES = YES;
				BUNDLE_LOADER = "$(TEST_HOST)";
				COMBINE_HIDPI_IMAGES = YES;
				DEVELOPMENT_TEAM = 46ETJSLJJM;
				INFOPLIST_FILE = SwinterTests/Info.plist;
				LD_RUNPATH_SEARCH_PATHS = "$(inherited) @executable_path/../Frameworks @loader_path/../Frameworks";
				PRODUCT_BUNDLE_IDENTIFIER = com.kandelvijaya.SwinterTests;
				PRODUCT_NAME = "$(TARGET_NAME)";
				SWIFT_VERSION = 3.0;
				TEST_HOST = "$(BUILT_PRODUCTS_DIR)/Swinter.app/Contents/MacOS/Swinter";
			};
			name = Release;
		};
		8507ED261D8B274C003A7DEA /* Debug */ = {
			isa = XCBuildConfiguration;
			buildSettings = {
				CODE_SIGN_ENTITLEMENTS = SwiftyLinter/SwiftyLinter.entitlements;
				CODE_SIGN_IDENTITY = "Mac Developer";
				COMBINE_HIDPI_IMAGES = YES;
				DEVELOPMENT_TEAM = 46ETJSLJJM;
				INFOPLIST_FILE = SwiftyLinter/Info.plist;
				LD_RUNPATH_SEARCH_PATHS = "$(inherited) @executable_path/../Frameworks @executable_path/../../../../Frameworks";
				MACOSX_DEPLOYMENT_TARGET = 10.11;
				PRODUCT_BUNDLE_IDENTIFIER = com.kandelvijaya.Swinter.SwiftyLinter;
				PRODUCT_NAME = "$(TARGET_NAME)";
				SKIP_INSTALL = YES;
				SWIFT_VERSION = 3.0;
			};
			name = Debug;
		};
		8507ED271D8B274C003A7DEA /* Release */ = {
			isa = XCBuildConfiguration;
			buildSettings = {
				CODE_SIGN_ENTITLEMENTS = SwiftyLinter/SwiftyLinter.entitlements;
				CODE_SIGN_IDENTITY = "Mac Developer";
				COMBINE_HIDPI_IMAGES = YES;
				DEVELOPMENT_TEAM = 46ETJSLJJM;
				INFOPLIST_FILE = SwiftyLinter/Info.plist;
				LD_RUNPATH_SEARCH_PATHS = "$(inherited) @executable_path/../Frameworks @executable_path/../../../../Frameworks";
				MACOSX_DEPLOYMENT_TARGET = 10.11;
				PRODUCT_BUNDLE_IDENTIFIER = com.kandelvijaya.Swinter.SwiftyLinter;
				PRODUCT_NAME = "$(TARGET_NAME)";
				SKIP_INSTALL = YES;
				SWIFT_VERSION = 3.0;
			};
			name = Release;
		};
/* End XCBuildConfiguration section */

/* Begin XCConfigurationList section */
		8507ECE81D8B2631003A7DEA /* Build configuration list for PBXProject "Swinter" */ = {
			isa = XCConfigurationList;
			buildConfigurations = (
				8507ED051D8B2631003A7DEA /* Debug */,
				8507ED061D8B2631003A7DEA /* Release */,
			);
			defaultConfigurationIsVisible = 0;
			defaultConfigurationName = Release;
		};
		8507ED071D8B2631003A7DEA /* Build configuration list for PBXNativeTarget "Swinter" */ = {
			isa = XCConfigurationList;
			buildConfigurations = (
				8507ED081D8B2631003A7DEA /* Debug */,
				8507ED091D8B2631003A7DEA /* Release */,
			);
			defaultConfigurationIsVisible = 0;
			defaultConfigurationName = Release;
		};
		8507ED0A1D8B2631003A7DEA /* Build configuration list for PBXNativeTarget "SwinterTests" */ = {
			isa = XCConfigurationList;
			buildConfigurations = (
				8507ED0B1D8B2631003A7DEA /* Debug */,
				8507ED0C1D8B2631003A7DEA /* Release */,
			);
			defaultConfigurationIsVisible = 0;
			defaultConfigurationName = Release;
		};
		8507ED251D8B274C003A7DEA /* Build configuration list for PBXNativeTarget "SwiftyLinter" */ = {
			isa = XCConfigurationList;
			buildConfigurations = (
				8507ED261D8B274C003A7DEA /* Debug */,
				8507ED271D8B274C003A7DEA /* Release */,
			);
			defaultConfigurationIsVisible = 0;
			defaultConfigurationName = Release;
		};
/* End XCConfigurationList section */
	};
	rootObject = 8507ECE51D8B2631003A7DEA /* Project object */;
}
